
Microsoft Visual Studio Solution File, Format Version 12.00
# Visual Studio Version 17
VisualStudioVersion = 17.8.34511.84
MinimumVisualStudioVersion = 10.0.40219.1
Project("{FAE04EC0-301F-11D3-BF4B-00C04F79EFBC}") = "J7p5", "J7p5\J7p5.csproj", "{9129725B-5DCF-4938-AEE9-215FB3C1BFA0}"
EndProject
Global
	GlobalSection(SolutionConfigurationPlatforms) = preSolution
		Debug|Any CPU = Debug|Any CPU
		Release|Any CPU = Release|Any CPU
	EndGlobalSection
	GlobalSection(ProjectConfigurationPlatforms) = postSolution
		{9129725B-5DCF-4938-AEE9-215FB3C1BFA0}.Debug|Any CPU.ActiveCfg = Debug|Any CPU
		{9129725B-5DCF-4938-AEE9-215FB3C1BFA0}.Debug|Any CPU.Build.0 = Debug|Any CPU
		{9129725B-5DCF-4938-AEE9-215FB3C1BFA0}.Release|Any CPU.ActiveCfg = Release|Any CPU
		{9129725B-5DCF-4938-AEE9-215FB3C1BFA0}.Release|Any CPU.Build.0 = Release|Any CPU
	EndGlobalSection
	GlobalSection(SolutionProperties) = preSolution
		HideSolutionNode = FALSE
	EndGlobalSection
	GlobalSection(ExtensibilityGlobals) = postSolution
		SolutionGuid = {612FA854-B3EF-44AD-88DE-E50F21107198}
	EndGlobalSection
EndGlobal
